
Microsoft Visual Studio Solution File, Format Version 11.00
# Visual Studio 2010
Project("{FAE04EC0-301F-11D3-BF4B-00C04F79EFBC}") = "PresentationFramework", "PresentationFramework\PresentationFramework.csproj", "{83F34623-9B6D-4F0E-9C29-52BBA6E42379}"
EndProject
Project("{2150E333-8FDC-42A3-9474-1A3956D46DE8}") = "Solution Items", "Solution Items", "{4E64DEB8-7AF0-4FAA-AAF9-B86D52203ECB}"
	ProjectSection(SolutionItems) = preProject
		Local.testsettings = Local.testsettings
		PresentationFramework.vsmdi = PresentationFramework.vsmdi
		TraceAndTestImpact.testsettings = TraceAndTestImpact.testsettings
	EndProjectSection
EndProject
Project("{FAE04EC0-301F-11D3-BF4B-00C04F79EFBC}") = "ServicesBusinessLogic", "ServicesBusinessLogic\ServicesBusinessLogic.csproj", "{59CEC874-494E-4FA9-BC88-0113A50DAD3F}"
EndProject
Project("{FAE04EC0-301F-11D3-BF4B-00C04F79EFBC}") = "ServicesDataAccess", "ServicesDataAccess\ServicesDataAccess.csproj", "{8FD15C0B-3C51-4E01-916D-D30ACDCF2B91}"
EndProject
Project("{FAE04EC0-301F-11D3-BF4B-00C04F79EFBC}") = "BingMaps", "BingMaps\BingMaps.csproj", "{28A32E3C-434B-4D26-85CC-17D2E9E327DE}"
EndProject
Project("{FAE04EC0-301F-11D3-BF4B-00C04F79EFBC}") = "BingMapsTests", "BingMapsTests\BingMapsTests.csproj", "{3F1074F4-1B74-41AA-B758-675D320767A0}"
EndProject
Project("{FAE04EC0-301F-11D3-BF4B-00C04F79EFBC}") = "ServiceLogic", "ServiceLogic\ServiceLogic.csproj", "{20ADA36E-09F2-43A0-91FE-15394533009D}"
EndProject
Project("{FAE04EC0-301F-11D3-BF4B-00C04F79EFBC}") = "ServiceLogicCommon", "ServiceLogicCommon\ServiceLogicCommon.csproj", "{0DDE0937-58A6-402E-8613-C96E9247CE75}"
EndProject
Project("{FAE04EC0-301F-11D3-BF4B-00C04F79EFBC}") = "ServiceLogicCommonTests", "ServiceLogicCommonTests\ServiceLogicCommonTests.csproj", "{59534873-A692-450A-A222-33F6DF261168}"
EndProject
Project("{FAE04EC0-301F-11D3-BF4B-00C04F79EFBC}") = "DataProcessorCommon", "DataProcessorCommon\DataProcessorCommon.csproj", "{766CAAD3-3696-45B7-923E-7073EE97B3F9}"
EndProject
Project("{FAE04EC0-301F-11D3-BF4B-00C04F79EFBC}") = "DataProcessors", "DataProcessors\DataProcessors.csproj", "{50F30FC0-EE95-4C6E-A1AA-9EB731D7FC75}"
EndProject
Global
	GlobalSection(TestCaseManagementSettings) = postSolution
		CategoryFile = PresentationFramework.vsmdi
	EndGlobalSection
	GlobalSection(SolutionConfigurationPlatforms) = preSolution
		Debug|Any CPU = Debug|Any CPU
		Release|Any CPU = Release|Any CPU
	EndGlobalSection
	GlobalSection(ProjectConfigurationPlatforms) = postSolution
		{83F34623-9B6D-4F0E-9C29-52BBA6E42379}.Debug|Any CPU.ActiveCfg = Debug|Any CPU
		{83F34623-9B6D-4F0E-9C29-52BBA6E42379}.Debug|Any CPU.Build.0 = Debug|Any CPU
		{83F34623-9B6D-4F0E-9C29-52BBA6E42379}.Release|Any CPU.ActiveCfg = Release|Any CPU
		{83F34623-9B6D-4F0E-9C29-52BBA6E42379}.Release|Any CPU.Build.0 = Release|Any CPU
		{59CEC874-494E-4FA9-BC88-0113A50DAD3F}.Debug|Any CPU.ActiveCfg = Debug|Any CPU
		{59CEC874-494E-4FA9-BC88-0113A50DAD3F}.Debug|Any CPU.Build.0 = Debug|Any CPU
		{59CEC874-494E-4FA9-BC88-0113A50DAD3F}.Release|Any CPU.ActiveCfg = Release|Any CPU
		{59CEC874-494E-4FA9-BC88-0113A50DAD3F}.Release|Any CPU.Build.0 = Release|Any CPU
		{8FD15C0B-3C51-4E01-916D-D30ACDCF2B91}.Debug|Any CPU.ActiveCfg = Debug|Any CPU
		{8FD15C0B-3C51-4E01-916D-D30ACDCF2B91}.Debug|Any CPU.Build.0 = Debug|Any CPU
		{8FD15C0B-3C51-4E01-916D-D30ACDCF2B91}.Release|Any CPU.ActiveCfg = Release|Any CPU
		{8FD15C0B-3C51-4E01-916D-D30ACDCF2B91}.Release|Any CPU.Build.0 = Release|Any CPU
		{28A32E3C-434B-4D26-85CC-17D2E9E327DE}.Debug|Any CPU.ActiveCfg = Debug|Any CPU
		{28A32E3C-434B-4D26-85CC-17D2E9E327DE}.Debug|Any CPU.Build.0 = Debug|Any CPU
		{28A32E3C-434B-4D26-85CC-17D2E9E327DE}.Release|Any CPU.ActiveCfg = Release|Any CPU
		{28A32E3C-434B-4D26-85CC-17D2E9E327DE}.Release|Any CPU.Build.0 = Release|Any CPU
		{3F1074F4-1B74-41AA-B758-675D320767A0}.Debug|Any CPU.ActiveCfg = Debug|Any CPU
		{3F1074F4-1B74-41AA-B758-675D320767A0}.Debug|Any CPU.Build.0 = Debug|Any CPU
		{3F1074F4-1B74-41AA-B758-675D320767A0}.Release|Any CPU.ActiveCfg = Release|Any CPU
		{3F1074F4-1B74-41AA-B758-675D320767A0}.Release|Any CPU.Build.0 = Release|Any CPU
		{20ADA36E-09F2-43A0-91FE-15394533009D}.Debug|Any CPU.ActiveCfg = Debug|Any CPU
		{20ADA36E-09F2-43A0-91FE-15394533009D}.Debug|Any CPU.Build.0 = Debug|Any CPU
		{20ADA36E-09F2-43A0-91FE-15394533009D}.Release|Any CPU.ActiveCfg = Release|Any CPU
		{20ADA36E-09F2-43A0-91FE-15394533009D}.Release|Any CPU.Build.0 = Release|Any CPU
		{0DDE0937-58A6-402E-8613-C96E9247CE75}.Debug|Any CPU.ActiveCfg = Debug|Any CPU
		{0DDE0937-58A6-402E-8613-C96E9247CE75}.Debug|Any CPU.Build.0 = Debug|Any CPU
		{0DDE0937-58A6-402E-8613-C96E9247CE75}.Release|Any CPU.ActiveCfg = Release|Any CPU
		{0DDE0937-58A6-402E-8613-C96E9247CE75}.Release|Any CPU.Build.0 = Release|Any CPU
		{59534873-A692-450A-A222-33F6DF261168}.Debug|Any CPU.ActiveCfg = Debug|Any CPU
		{59534873-A692-450A-A222-33F6DF261168}.Debug|Any CPU.Build.0 = Debug|Any CPU
		{59534873-A692-450A-A222-33F6DF261168}.Release|Any CPU.ActiveCfg = Release|Any CPU
		{59534873-A692-450A-A222-33F6DF261168}.Release|Any CPU.Build.0 = Release|Any CPU
		{766CAAD3-3696-45B7-923E-7073EE97B3F9}.Debug|Any CPU.ActiveCfg = Debug|Any CPU
		{766CAAD3-3696-45B7-923E-7073EE97B3F9}.Debug|Any CPU.Build.0 = Debug|Any CPU
		{766CAAD3-3696-45B7-923E-7073EE97B3F9}.Release|Any CPU.ActiveCfg = Release|Any CPU
		{766CAAD3-3696-45B7-923E-7073EE97B3F9}.Release|Any CPU.Build.0 = Release|Any CPU
		{50F30FC0-EE95-4C6E-A1AA-9EB731D7FC75}.Debug|Any CPU.ActiveCfg = Debug|Any CPU
		{50F30FC0-EE95-4C6E-A1AA-9EB731D7FC75}.Debug|Any CPU.Build.0 = Debug|Any CPU
		{50F30FC0-EE95-4C6E-A1AA-9EB731D7FC75}.Release|Any CPU.ActiveCfg = Release|Any CPU
		{50F30FC0-EE95-4C6E-A1AA-9EB731D7FC75}.Release|Any CPU.Build.0 = Release|Any CPU
	EndGlobalSection
	GlobalSection(SolutionProperties) = preSolution
		HideSolutionNode = FALSE
	EndGlobalSection
EndGlobal
